# This file is automatically @generated by Cargo.
# It is not intended for manual editing.
version = 4

[[package]]
name = "sstp-harness"
version = "0.1.0"
dependencies = [
 "sstp-protocol",
 "sstp-session",
]

[[package]]
name = "sstp-protocol"
version = "0.1.0"

[[package]]
name = "sstp-session"
version = "0.1.0"
dependencies = [
 "sstp-protocol",
]
